<?xml version="1.0" encoding="utf-8"?>
<Project ToolsVersion="4.0" xmlns="http://schemas.microsoft.com/developer/msbuild/2003">
  <ItemGroup>
    <Filter Include="99.Defines">
      <UniqueIdentifier>{127f9ffa-dbe3-48d8-8f90-d9f2f940dde9}</UniqueIdentifier>
    </Filter>
    <Filter Include="98.Default">
      <UniqueIdentifier>{3a02a7f2-f122-4e3f-ba73-7c184c26e2ca}</UniqueIdentifier>
    </Filter>
    <Filter Include="00.MainApp">
      <UniqueIdentifier>{846a7fd6-9bff-46df-a0df-d53f7bc7bf25}</UniqueIdentifier>
    </Filter>
    <Filter Include="01.Levels">
      <UniqueIdentifier>{e376087f-2316-4210-923f-73ce86c4f3fa}</UniqueIdentifier>
    </Filter>
    <Filter Include="01.Levels\Logo">
      <UniqueIdentifier>{9cd4d860-6255-46f1-8974-5088a1d359cd}</UniqueIdentifier>
    </Filter>
    <Filter Include="01.Levels\Loading">
      <UniqueIdentifier>{d0295cc5-86a0-4de0-bd55-3e301366d030}</UniqueIdentifier>
    </Filter>
    <Filter Include="01.Levels\GamePlay">
      <UniqueIdentifier>{66f494b9-9924-420d-b47d-fe913d73777b}</UniqueIdentifier>
    </Filter>
    <Filter Include="01.Levels\Loading\Loader">
      <UniqueIdentifier>{51a8caee-15f6-46ec-a7c4-fc3ba8214797}</UniqueIdentifier>
    </Filter>
    <Filter Include="02.GameObject">
      <UniqueIdentifier>{7ef2d9ce-ece3-4860-9e4f-84f6fb56200b}</UniqueIdentifier>
    </Filter>
    <Filter Include="02.GameObject\BackGround">
      <UniqueIdentifier>{338d1323-c14f-4477-a3c9-89e249b58e75}</UniqueIdentifier>
    </Filter>
    <Filter Include="02.GameObject\Terrain">
      <UniqueIdentifier>{27ae354b-4b52-4c4d-9a7e-009f3e4b9ec8}</UniqueIdentifier>
    </Filter>
    <Filter Include="02.GameObject\Sky">
      <UniqueIdentifier>{e7741bd6-d9aa-46ed-b919-46b39b50e7b7}</UniqueIdentifier>
    </Filter>
    <Filter Include="97.Utility">
      <UniqueIdentifier>{dab7c8a9-6e9f-4ccc-8ff5-229690c6db69}</UniqueIdentifier>
    </Filter>
    <Filter Include="97.Utility\SoundMgr">
      <UniqueIdentifier>{aeb26354-0349-485f-8536-0c80678adb39}</UniqueIdentifier>
    </Filter>
    <Filter Include="03.Effect">
      <UniqueIdentifier>{19c16c69-0ab0-4827-baec-766f3a54cf77}</UniqueIdentifier>
    </Filter>
    <Filter Include="02.GameObject\Player">
      <UniqueIdentifier>{8da95a2d-a56e-4eaf-8b0c-47e3b5109aca}</UniqueIdentifier>
    </Filter>
    <Filter Include="02.GameObject\Monster">
      <UniqueIdentifier>{35ad7b7d-4c09-4846-bff1-11c2783071de}</UniqueIdentifier>
    </Filter>
    <Filter Include="04.UI">
      <UniqueIdentifier>{77d1b4b2-60a1-4444-bc37-285d0b4c20e6}</UniqueIdentifier>
    </Filter>
    <Filter Include="03.Effect\Skill">
      <UniqueIdentifier>{d5c7b31c-652d-4394-afe1-1f9484230a71}</UniqueIdentifier>
    </Filter>
    <Filter Include="03.Effect\Skill\00.Thunder">
      <UniqueIdentifier>{410f4cdb-9787-4780-bc44-2148eeb1b15d}</UniqueIdentifier>
    </Filter>
    <Filter Include="03.Effect\Skill\00.Thunder\ThunderCloud">
      <UniqueIdentifier>{eb1a8f8c-7620-4ba9-9eee-039019d89b52}</UniqueIdentifier>
    </Filter>
    <Filter Include="03.Effect\Skill\00.Thunder\ThunderSword">
      <UniqueIdentifier>{3695fb6b-b886-42cf-9531-07c24274e0e6}</UniqueIdentifier>
    </Filter>
    <Filter Include="03.Effect\Skill\01.Tornado">
      <UniqueIdentifier>{298d50ad-07d7-41d6-ab99-fdc894c6f8de}</UniqueIdentifier>
    </Filter>
    <Filter Include="03.Effect\Default">
      <UniqueIdentifier>{868e0f35-7657-4db1-9c4f-8b454a58adc0}</UniqueIdentifier>
    </Filter>
    <Filter Include="03.Effect\Default\00.Hit">
      <UniqueIdentifier>{86fc4c8e-18be-42b1-8b21-29221defbc98}</UniqueIdentifier>
    </Filter>
    <Filter Include="03.Effect\Default\01.UseSkill">
      <UniqueIdentifier>{32cd0ec5-2fce-41ab-96e9-b83230ad0813}</UniqueIdentifier>
    </Filter>
    <Filter Include="03.Effect\Default\02.LevelUp">
      <UniqueIdentifier>{5b590f51-993c-46bd-935f-d21e6519d9f6}</UniqueIdentifier>
    </Filter>
    <Filter Include="03.Effect\Default\03.DmgFont">
      <UniqueIdentifier>{d4f5d2b8-7db9-408b-b7c1-92b6532b836e}</UniqueIdentifier>
    </Filter>
    <Filter Include="03.Effect\Skill\02.FireSpear">
      <UniqueIdentifier>{e5888198-ef0d-4a28-ad94-e966a8d41215}</UniqueIdentifier>
    </Filter>
    <Filter Include="03.Effect\Skill\02.FireSpear\Fire">
      <UniqueIdentifier>{4f88c934-0d0b-4abf-ab7a-aac9645c8a3c}</UniqueIdentifier>
    </Filter>
    <Filter Include="03.Effect\Skill\03.Meteor">
      <UniqueIdentifier>{58c9eec7-8375-47e3-9017-dc756e607a3d}</UniqueIdentifier>
    </Filter>
    <Filter Include="03.Effect\Skill\03.Meteor\MeteorEff">
      <UniqueIdentifier>{59afe265-12a3-4ee1-92df-c139b6702621}</UniqueIdentifier>
    </Filter>
    <Filter Include="03.Effect\Default\04.Rain">
      <UniqueIdentifier>{50fc2f1f-a364-4bde-b65c-da29ee1ea6e3}</UniqueIdentifier>
    </Filter>
    <Filter Include="02.GameObject\Boss">
      <UniqueIdentifier>{ff47cc89-caae-48a7-8208-1e8c3a22b2c8}</UniqueIdentifier>
    </Filter>
    <Filter Include="02.GameObject\Boss\FireDragon">
      <UniqueIdentifier>{51ae774e-4c6b-4c27-8efd-526921d3d00d}</UniqueIdentifier>
    </Filter>
    <Filter Include="03.Effect\Default\05.Wind">
      <UniqueIdentifier>{b3b81a1a-fbb2-4b96-8cd2-1d831f9b6cc6}</UniqueIdentifier>
    </Filter>
    <Filter Include="04.UI\WorldHpBar">
      <UniqueIdentifier>{59e40b13-2353-4d51-9ce7-e372dc9a23d7}</UniqueIdentifier>
    </Filter>
    <Filter Include="03.Effect\Default\06.Shadow">
      <UniqueIdentifier>{71afcecb-9d8c-4b4e-8463-874539fb788f}</UniqueIdentifier>
    </Filter>
    <Filter Include="02.GameObject\BackGroundObj">
      <UniqueIdentifier>{b35db3b3-f917-40d2-b5a9-4e0c5b044c63}</UniqueIdentifier>
    </Filter>
    <Filter Include="02.GameObject\Pet">
      <UniqueIdentifier>{a58f4177-fe19-4f3b-85ac-373f7be72c82}</UniqueIdentifier>
    </Filter>
    <Filter Include="02.GameObject\Pet\00.Poring">
      <UniqueIdentifier>{e1de076f-601e-4138-bca7-959e3801c464}</UniqueIdentifier>
    </Filter>
    <Filter Include="02.GameObject\BackGroundObj\House">
      <UniqueIdentifier>{36349508-8e85-4729-bab5-e5cb61236108}</UniqueIdentifier>
    </Filter>
    <Filter Include="01.Levels\Town">
      <UniqueIdentifier>{68167f68-27fb-4e3c-ab0b-50f5c284a1da}</UniqueIdentifier>
    </Filter>
    <Filter Include="02.GameObject\Loading">
      <UniqueIdentifier>{529a4711-daf2-4b0b-9f46-064b8cdf1930}</UniqueIdentifier>
    </Filter>
    <Filter Include="02.GameObject\Portal">
      <UniqueIdentifier>{da6952f7-abbe-4b17-b86a-c71274cfa03b}</UniqueIdentifier>
    </Filter>
    <Filter Include="02.GameObject\Player\PlayerInfo">
      <UniqueIdentifier>{b6a7f3f7-902f-40bd-a4db-66ad2c9fb94d}</UniqueIdentifier>
    </Filter>
    <Filter Include="02.GameObject\NPC">
      <UniqueIdentifier>{d26d626b-af07-45e9-80a5-51f5cae667c3}</UniqueIdentifier>
    </Filter>
    <Filter Include="02.GameObject\Wing">
      <UniqueIdentifier>{0bc110a1-b2b7-4777-89b4-9fba7c4f5948}</UniqueIdentifier>
    </Filter>
    <Filter Include="02.GameObject\NPC\00.Default">
      <UniqueIdentifier>{42b918b4-0659-4a8f-8919-5a07b097b36a}</UniqueIdentifier>
    </Filter>
    <Filter Include="02.GameObject\NPC\01.Village_Chief">
      <UniqueIdentifier>{c82a5037-d2e9-475c-8431-bb2814512834}</UniqueIdentifier>
    </Filter>
    <Filter Include="02.GameObject\NPC\02.Village_Quest1">
      <UniqueIdentifier>{ecc17898-5245-44a8-8465-a6dce2423e9d}</UniqueIdentifier>
    </Filter>
    <Filter Include="02.GameObject\NPC\03.Village_Quest2">
      <UniqueIdentifier>{4a24c3d4-4f7a-4010-be6f-34d80332a13d}</UniqueIdentifier>
    </Filter>
    <Filter Include="02.GameObject\NPC\04.Engineer">
      <UniqueIdentifier>{38052cc6-d24d-430a-8cdc-731f050f7655}</UniqueIdentifier>
    </Filter>
    <Filter Include="03.Effect\Skill\04.PoisonArrow">
      <UniqueIdentifier>{65320a6e-01ea-412d-b06e-0725fff5a357}</UniqueIdentifier>
    </Filter>
    <Filter Include="02.GameObject\Monster\00.Alligator">
      <UniqueIdentifier>{711995f4-d041-41c2-a053-a6db8ab3e8da}</UniqueIdentifier>
    </Filter>
    <Filter Include="02.GameObject\Terrain\TerrainRect">
      <UniqueIdentifier>{1aeaeda5-7149-40ac-8889-6855c833cf44}</UniqueIdentifier>
    </Filter>
    <Filter Include="02.GameObject\BackGroundObj\RectHouse">
      <UniqueIdentifier>{5296e59f-0882-4402-bb8c-0d0508430126}</UniqueIdentifier>
    </Filter>
    <Filter Include="02.GameObject\BackGroundObj\Tree">
      <UniqueIdentifier>{b1f71cda-a31f-4f45-8be3-49ca2120de54}</UniqueIdentifier>
    </Filter>
    <Filter Include="02.GameObject\Monster\01.ElderWilow">
      <UniqueIdentifier>{73809adf-d0a6-4582-bb47-a372bb0ee4f5}</UniqueIdentifier>
    </Filter>
    <Filter Include="03.Effect\Skill\05.DefaultAttack">
      <UniqueIdentifier>{cfef189c-c68a-4a94-9306-311682decb20}</UniqueIdentifier>
    </Filter>
    <Filter Include="02.GameObject\Monster\02.Bigfoot">
      <UniqueIdentifier>{5e6663fa-7cdb-4530-8cd3-94da7fc3f3b5}</UniqueIdentifier>
    </Filter>
    <Filter Include="03.Effect\Default\07.Help">
      <UniqueIdentifier>{4ffe2504-20e8-4613-ae8c-99cba0ebc484}</UniqueIdentifier>
    </Filter>
    <Filter Include="03.Effect\Default\08.Angry">
      <UniqueIdentifier>{e5871eec-f7bd-41e8-bf02-e2d01be87033}</UniqueIdentifier>
    </Filter>
    <Filter Include="02.GameObject\Monster\03.Byorgue">
      <UniqueIdentifier>{0f91fd89-0909-4c29-9cad-1d1f01767ef0}</UniqueIdentifier>
    </Filter>
    <Filter Include="01.Levels\ChoboField">
      <UniqueIdentifier>{c523ff40-c670-4567-b671-c1f5c7fe3348}</UniqueIdentifier>
    </Filter>
    <Filter Include="02.GameObject\Monster\04.Bloodymurderer">
      <UniqueIdentifier>{31e8bcd1-0942-48a2-944e-266fca864cce}</UniqueIdentifier>
    </Filter>
    <Filter Include="02.GameObject\Monster\05.Dandelion">
      <UniqueIdentifier>{fccff6ea-d168-4f81-a9eb-9d94fe64fd3b}</UniqueIdentifier>
    </Filter>
    <Filter Include="03.Effect\Skill\07.SwordSlice">
      <UniqueIdentifier>{9f03de17-976b-4e1b-a33a-473457f8a521}</UniqueIdentifier>
    </Filter>
    <Filter Include="03.Effect\Skill\06.Sword">
      <UniqueIdentifier>{79abb7f2-c886-4c92-9f8c-8150b658e65d}</UniqueIdentifier>
    </Filter>
    <Filter Include="03.Effect\Skill\08.DandelionAttack">
      <UniqueIdentifier>{e4940682-ffc3-472d-a414-d8a67d0e5d76}</UniqueIdentifier>
    </Filter>
    <Filter Include="02.GameObject\Boss\Meiden">
      <UniqueIdentifier>{cfbe9a46-ef29-46f4-a85e-3e94a7e9d8e1}</UniqueIdentifier>
    </Filter>
    <Filter Include="01.Levels\MidBoss">
      <UniqueIdentifier>{b1e7dcf6-c4ff-48e1-9f9b-13ecdaded839}</UniqueIdentifier>
    </Filter>
    <Filter Include="03.Effect\Default\09.Drain">
      <UniqueIdentifier>{8b81d193-2917-4d24-b6e2-ae9043da6817}</UniqueIdentifier>
    </Filter>
    <Filter Include="02.GameObject\BackGroundObj\Totem">
      <UniqueIdentifier>{2485e12a-1952-4029-bd81-c026f7e639c0}</UniqueIdentifier>
    </Filter>
    <Filter Include="02.GameObject\BackGroundObj\Totem\00.PowerTotem">
      <UniqueIdentifier>{f729911e-fcf3-47d0-8e71-42d3dcf9dcbb}</UniqueIdentifier>
    </Filter>
    <Filter Include="03.Effect\Skill\09.BlueFire">
      <UniqueIdentifier>{e0a56abc-e4f2-4cfa-a1a8-b6082e147ec7}</UniqueIdentifier>
    </Filter>
    <Filter Include="03.Effect\Default\10.BossSkillTarget">
      <UniqueIdentifier>{4dd0d002-0c72-41e1-8cd9-36db78f3ace5}</UniqueIdentifier>
    </Filter>
    <Filter Include="03.Effect\Default\11.AuraBlue">
      <UniqueIdentifier>{552a4c66-03e3-45ee-a30b-8ec4eecae360}</UniqueIdentifier>
    </Filter>
    <Filter Include="03.Effect\Skill\10.FireBall">
      <UniqueIdentifier>{b0fa95fc-101c-407a-b6b2-a7647d04e2a9}</UniqueIdentifier>
    </Filter>
    <Filter Include="04.UI\LetterBox">
      <UniqueIdentifier>{3f1c8a83-8b29-4f58-89c9-5c86d08946b1}</UniqueIdentifier>
    </Filter>
    <Filter Include="04.UI\Space">
      <UniqueIdentifier>{71782fd7-2b3c-45d1-8f47-1335fc2bc54d}</UniqueIdentifier>
    </Filter>
    <Filter Include="02.GameObject\Quest">
      <UniqueIdentifier>{077a13e2-8529-4285-9bc4-d4467de55eb5}</UniqueIdentifier>
    </Filter>
    <Filter Include="02.GameObject\Quest\HuntQuest">
      <UniqueIdentifier>{24f77a44-e1f6-4e13-adc4-4bc3048a26cb}</UniqueIdentifier>
    </Filter>
    <Filter Include="02.GameObject\Transparent_Wall">
      <UniqueIdentifier>{ae255d11-cb57-4cb9-bfc6-cbf716344943}</UniqueIdentifier>
    </Filter>
    <Filter Include="04.UI\TextBox">
      <UniqueIdentifier>{9cf041f7-5cfd-4487-b5b9-46da967fc22a}</UniqueIdentifier>
    </Filter>
    <Filter Include="04.UI\Button">
      <UniqueIdentifier>{966ec960-d5ac-4b8b-afa5-23b23fba33ec}</UniqueIdentifier>
    </Filter>
    <Filter Include="02.GameObject\Monster\06.Atros">
      <UniqueIdentifier>{e6cae052-15ae-474e-91d6-064c0afad733}</UniqueIdentifier>
    </Filter>
    <Filter Include="02.GameObject\Monster\07.Baphomet">
      <UniqueIdentifier>{8d3e5807-8064-447c-b93a-c89f514d74a4}</UniqueIdentifier>
    </Filter>
    <Filter Include="02.GameObject\Monster\08.Minorous">
      <UniqueIdentifier>{8cde6eef-272e-42dd-87f8-db403fe033e7}</UniqueIdentifier>
    </Filter>
    <Filter Include="02.GameObject\Monster\09.Skeleton">
      <UniqueIdentifier>{79fba136-75d1-4bab-b6ca-fbdf21ab41dc}</UniqueIdentifier>
    </Filter>
    <Filter Include="02.GameObject\Monster\10.Wraith">
      <UniqueIdentifier>{e30c10c8-3fb5-4526-8b36-979efbda1634}</UniqueIdentifier>
    </Filter>
    <Filter Include="02.GameObject\Monster\11.Zombie">
      <UniqueIdentifier>{aeab8326-a1d6-4144-a07f-dc145a325fe1}</UniqueIdentifier>
    </Filter>
    <Filter Include="01.Levels\Desert">
      <UniqueIdentifier>{9586cf90-4a99-4214-9a34-2f08de2e8c9c}</UniqueIdentifier>
    </Filter>
    <Filter Include="01.Levels\Town2">
      <UniqueIdentifier>{759e2c83-a2c7-4027-a401-3f9678461290}</UniqueIdentifier>
    </Filter>
    <Filter Include="02.GameObject\BackGroundObj\House3">
      <UniqueIdentifier>{5b4ab8dd-1405-40d8-99ab-298686e6fe24}</UniqueIdentifier>
    </Filter>
    <Filter Include="02.GameObject\BackGroundObj\House4">
      <UniqueIdentifier>{417727ea-2531-47c4-8cfd-66c92cb714bf}</UniqueIdentifier>
    </Filter>
    <Filter Include="02.GameObject\BackGroundObj\House5">
      <UniqueIdentifier>{1642948f-524b-4151-b041-d1bb4ce8625b}</UniqueIdentifier>
    </Filter>
    <Filter Include="02.GameObject\BackGroundObj\House6">
      <UniqueIdentifier>{e007ae1d-a186-40ca-9e2b-344c391bfc8e}</UniqueIdentifier>
    </Filter>
    <Filter Include="02.GameObject\BackGroundObj\House7">
      <UniqueIdentifier>{2049d722-dcc4-49b4-a39c-7a7d5313b0fb}</UniqueIdentifier>
    </Filter>
    <Filter Include="02.GameObject\BackGroundObj\ItemBox">
      <UniqueIdentifier>{035a835f-5fff-442a-bfbb-18fb84cca757}</UniqueIdentifier>
    </Filter>
    <Filter Include="04.UI\00.PlayerUI">
      <UniqueIdentifier>{31984583-f1d0-40af-a1bf-f87aee1e8d50}</UniqueIdentifier>
    </Filter>
    <Filter Include="04.UI\00.PlayerUI\00.HpUI">
      <UniqueIdentifier>{f2c17650-91b9-4519-820d-3e907a7f6dfb}</UniqueIdentifier>
    </Filter>
    <Filter Include="04.UI\00.PlayerUI\01.MpUI">
      <UniqueIdentifier>{17d7c9f7-65e2-4267-a046-0f238c9b1e0d}</UniqueIdentifier>
    </Filter>
    <Filter Include="04.UI\00.PlayerUI\02.ExpUI">
      <UniqueIdentifier>{d90dc8cc-d30f-41c4-96ba-7cd0bedc2d78}</UniqueIdentifier>
    </Filter>
    <Filter Include="04.UI\01.Status">
      <UniqueIdentifier>{6b1cb9ab-53a3-465a-a1e6-34457075bedf}</UniqueIdentifier>
    </Filter>
    <Filter Include="04.UI\01.Status\StatInfo">
      <UniqueIdentifier>{183d9250-e7d2-4651-be91-7f291438584c}</UniqueIdentifier>
    </Filter>
    <Filter Include="04.UI\02.QuickSlot">
      <UniqueIdentifier>{7eff7da0-4682-498b-9028-6ea31844c8d4}</UniqueIdentifier>
    </Filter>
    <Filter Include="04.UI\03.Inven">
      <UniqueIdentifier>{7d9fc007-b195-4495-98f6-30bf0d80c698}</UniqueIdentifier>
    </Filter>
    <Filter Include="05.Item">
      <UniqueIdentifier>{dc11aeab-463e-4e38-a4c1-8cbe6c77a459}</UniqueIdentifier>
    </Filter>
    <Filter Include="05.Item\00.HpPotion">
      <UniqueIdentifier>{c0e212bc-1652-40f0-bebb-2e53e0926ae4}</UniqueIdentifier>
    </Filter>
    <Filter Include="06. ShaderFiles">
      <UniqueIdentifier>{7b3e7fbb-e10f-45f8-97af-4d056f0fc69b}</UniqueIdentifier>
    </Filter>
    <Filter Include="02.GameObject\Quest\Manager">
      <UniqueIdentifier>{85504d99-c431-4d4f-835f-24f48fe5f9fc}</UniqueIdentifier>
    </Filter>
    <Filter Include="04.UI\04. SkillSlot">
      <UniqueIdentifier>{a0c5e6f2-90ab-40b0-bb9f-932183f4fe7e}</UniqueIdentifier>
    </Filter>
    <Filter Include="04.UI\05. Equip">
      <UniqueIdentifier>{e5cf10bb-83ae-41b2-9282-7f84486ed484}</UniqueIdentifier>
    </Filter>
    <Filter Include="02.GameObject\Quest\CollectQuest">
      <UniqueIdentifier>{19d3bec9-7d13-4750-baed-9f937d3938c3}</UniqueIdentifier>
    </Filter>
    <Filter Include="02.GameObject\NPC\05.SlotGacha">
      <UniqueIdentifier>{99e816dc-ac0b-45b5-94fb-e77241e7f4b5}</UniqueIdentifier>
    </Filter>
    <Filter Include="04.UI\Gacha">
      <UniqueIdentifier>{df0f09bd-a8f7-45a2-8486-8d915bf26d60}</UniqueIdentifier>
    </Filter>
    <Filter Include="01.Levels\Maze">
      <UniqueIdentifier>{1959e95b-89b4-4493-8f00-340fb4a1ac2e}</UniqueIdentifier>
    </Filter>
    <Filter Include="03.Effect\Default\12.CriHit">
      <UniqueIdentifier>{e3575965-981d-49bb-b11d-0658d49f5d53}</UniqueIdentifier>
    </Filter>
    <Filter Include="03.Effect\Default\13.CriHit2">
      <UniqueIdentifier>{308b7985-fc50-4bce-b0cd-2ac04ce36fec}</UniqueIdentifier>
    </Filter>
    <Filter Include="04.UI\00.PlayerUI\03. AlphaUI">
      <UniqueIdentifier>{fd061c48-a018-4873-9946-1d44ea6418c2}</UniqueIdentifier>
    </Filter>
    <Filter Include="04.UI\06.Shop">
      <UniqueIdentifier>{8cbf5c7d-d1d3-40e2-aed8-118e9e8c6633}</UniqueIdentifier>
    </Filter>
    <Filter Include="02.GameObject\NPC\06.ShopNPC">
      <UniqueIdentifier>{82d4b7d7-7916-40f9-8784-dc6fc6619595}</UniqueIdentifier>
    </Filter>
    <Filter Include="01.Levels\SkyField">
      <UniqueIdentifier>{a3527cc7-07dc-4432-97e8-308746eb63f2}</UniqueIdentifier>
    </Filter>
    <Filter Include="02.GameObject\BackGroundObj\Cloud">
      <UniqueIdentifier>{4adf80ae-5418-4b85-9cc3-6fc081a42031}</UniqueIdentifier>
    </Filter>
    <Filter Include="02.GameObject\Monster\12.Wyvern">
      <UniqueIdentifier>{4c4bb8e0-b9e1-4deb-8658-4d25463b245e}</UniqueIdentifier>
    </Filter>
    <Filter Include="02.GameObject\Monster\13.SkyDragon">
      <UniqueIdentifier>{c6e64c92-bbd6-4920-9410-6efc171fe3ae}</UniqueIdentifier>
    </Filter>
    <Filter Include="03.Effect\Skill\11.SkyFireBall">
      <UniqueIdentifier>{a3861313-d88b-45d2-b4eb-e6cf5985dac8}</UniqueIdentifier>
    </Filter>
    <Filter Include="03.Effect\Skill\12.SkyThunder">
      <UniqueIdentifier>{54a2e6e2-0165-4707-aed6-54c58d8a9b08}</UniqueIdentifier>
    </Filter>
    <Filter Include="03.Effect\Skill\13.SkyMeteor">
      <UniqueIdentifier>{f53c1235-5249-40b2-b860-e3eed6865dae}</UniqueIdentifier>
    </Filter>
    <Filter Include="03.Effect\Skill\14.Shadowball">
      <UniqueIdentifier>{15915a9f-4116-480a-a411-68295a499834}</UniqueIdentifier>
    </Filter>
    <Filter Include="03.Effect\Default\14.ThunderTarget">
      <UniqueIdentifier>{4275c626-7591-42b9-a66a-054cb0e58cfd}</UniqueIdentifier>
    </Filter>
    <Filter Include="03.Effect\Default\15.Target">
      <UniqueIdentifier>{5fa2c8e2-68be-4742-934d-722e463df523}</UniqueIdentifier>
    </Filter>
    <Filter Include="03.Effect\Skill\15.SkyDragonSkill">
      <UniqueIdentifier>{02324f0d-5d67-4ab9-bf3c-25c6e9913cb5}</UniqueIdentifier>
    </Filter>
    <Filter Include="03.Effect\Default\16.SkyTarget">
      <UniqueIdentifier>{1b032747-a0e4-4dc7-9057-ca81e391abfd}</UniqueIdentifier>
    </Filter>
    <Filter Include="02.GameObject\NPC\07.SkyNPC">
      <UniqueIdentifier>{d6288c79-c7f7-490c-b5f3-47fb0bcba37c}</UniqueIdentifier>
    </Filter>
    <Filter Include="02.GameObject\NPC\08.AirShip">
      <UniqueIdentifier>{241f84ff-5bba-4ebc-b377-e845acec94fa}</UniqueIdentifier>
    </Filter>
    <Filter Include="02.GameObject\Loading\SkyLoading">
      <UniqueIdentifier>{6664d148-2c2b-4de1-9ecf-9d2a524de925}</UniqueIdentifier>
    </Filter>
    <Filter Include="02.GameObject\Loading\LogoUI">
      <UniqueIdentifier>{cba6f014-00bf-468f-b476-577dfee72c58}</UniqueIdentifier>
    </Filter>
    <Filter Include="02.GameObject\Camera">
      <UniqueIdentifier>{6ad6400b-9d5a-4bf0-9b0f-946a3f09392e}</UniqueIdentifier>
    </Filter>
    <Filter Include="02.GameObject\NPC\09.Town_Quest1">
      <UniqueIdentifier>{77882c8e-5e72-4d2b-b015-ee1eda0ef812}</UniqueIdentifier>
    </Filter>
    <Filter Include="02.GameObject\NPC\10.Town_Quest2">
      <UniqueIdentifier>{699abb20-968f-4b4e-b87d-3a10f1ae8a13}</UniqueIdentifier>
    </Filter>
    <Filter Include="02.GameObject\NPC\11.Town_Quest3">
      <UniqueIdentifier>{8cd89d04-1309-4eaf-b895-4b226cede030}</UniqueIdentifier>
    </Filter>
    <Filter Include="04.UI\QuestUI">
      <UniqueIdentifier>{be3f6a86-88ee-4e52-a7ff-4fbff6056a26}</UniqueIdentifier>
    </Filter>
  </ItemGroup>
  <ItemGroup>
    <Text Include="ReadMe.txt" />
  </ItemGroup>
  <ItemGroup>
    <ClInclude Include="..\Public\MainApp.h">
      <Filter>00.MainApp</Filter>
    </ClInclude>
    <ClInclude Include="Client.h">
      <Filter>98.Default</Filter>
    </ClInclude>
    <ClInclude Include="Resource.h">
      <Filter>98.Default</Filter>
    </ClInclude>
    <ClInclude Include="targetver.h">
      <Filter>98.Default</Filter>
    </ClInclude>
    <ClInclude Include="stdafx.h">
      <Filter>98.Default</Filter>
    </ClInclude>
    <ClInclude Include="..\Public\Client_Defines.h">
      <Filter>99.Defines</Filter>
    </ClInclude>
    <ClInclude Include="..\public\Level_Logo.h">
      <Filter>01.Levels\Logo</Filter>
    </ClInclude>
    <ClInclude Include="..\Public\Level_GamePlay.h">
      <Filter>01.Levels\GamePlay</Filter>
    </ClInclude>
    <ClInclude Include="..\Public\Level_Loading.h">
      <Filter>01.Levels\Loading</Filter>
    </ClInclude>
    <ClInclude Include="..\public\BackGround.h">
      <Filter>02.GameObject\BackGround</Filter>
    </ClInclude>
    <ClInclude Include="..\Public\Terrain.h">
      <Filter>02.GameObject\Terrain</Filter>
    </ClInclude>
    <ClInclude Include="..\Public\Camera_Dynamic.h">
      <Filter>02.GameObject\Camera</Filter>
    </ClInclude>
    <ClInclude Include="..\Public\Sky.h">
      <Filter>02.GameObject\Sky</Filter>
    </ClInclude>
    <ClInclude Include="..\public\SoundMgr.h">
      <Filter>97.Utility\SoundMgr</Filter>
    </ClInclude>
    <ClInclude Include="..\Public\Monster.h">
      <Filter>02.GameObject\Monster</Filter>
    </ClInclude>
    <ClInclude Include="..\Public\Player.h">
      <Filter>02.GameObject\Player</Filter>
    </ClInclude>
    <ClInclude Include="..\public\ThunderCloud.h">
      <Filter>03.Effect\Skill\00.Thunder\ThunderCloud</Filter>
    </ClInclude>
    <ClInclude Include="..\Public\ThunderSword.h">
      <Filter>03.Effect\Skill\00.Thunder\ThunderSword</Filter>
    </ClInclude>
    <ClInclude Include="..\Public\Tornado.h">
      <Filter>03.Effect\Skill\01.Tornado</Filter>
    </ClInclude>
    <ClInclude Include="..\public\Hit.h">
      <Filter>03.Effect\Default\00.Hit</Filter>
    </ClInclude>
    <ClInclude Include="..\public\UseSkill.h">
      <Filter>03.Effect\Default\01.UseSkill</Filter>
    </ClInclude>
    <ClInclude Include="..\public\LevelUp.h">
      <Filter>03.Effect\Default\02.LevelUp</Filter>
    </ClInclude>
    <ClInclude Include="..\public\DmgFont.h">
      <Filter>03.Effect\Default\03.DmgFont</Filter>
    </ClInclude>
    <ClInclude Include="..\public\FireSpear.h">
      <Filter>03.Effect\Skill\02.FireSpear</Filter>
    </ClInclude>
    <ClInclude Include="..\public\Fire.h">
      <Filter>03.Effect\Skill\02.FireSpear\Fire</Filter>
    </ClInclude>
    <ClInclude Include="..\public\Meteor.h">
      <Filter>03.Effect\Skill\03.Meteor</Filter>
    </ClInclude>
    <ClInclude Include="..\public\MeteorEff.h">
      <Filter>03.Effect\Skill\03.Meteor\MeteorEff</Filter>
    </ClInclude>
    <ClInclude Include="..\public\Rain.h">
      <Filter>03.Effect\Default\04.Rain</Filter>
    </ClInclude>
    <ClInclude Include="..\Public\FireDragon.h">
      <Filter>02.GameObject\Boss\FireDragon</Filter>
    </ClInclude>
    <ClInclude Include="..\Public\Wind.h">
      <Filter>03.Effect\Default\05.Wind</Filter>
    </ClInclude>
    <ClInclude Include="..\public\WorldHpBar.h">
      <Filter>04.UI\WorldHpBar</Filter>
    </ClInclude>
    <ClInclude Include="..\public\Shadow.h">
      <Filter>03.Effect\Default\06.Shadow</Filter>
    </ClInclude>
    <ClInclude Include="..\Public\BackGroundRect.h">
      <Filter>02.GameObject\BackGroundObj</Filter>
    </ClInclude>
    <ClInclude Include="..\public\Poring.h">
      <Filter>02.GameObject\Pet\00.Poring</Filter>
    </ClInclude>
    <ClInclude Include="..\public\House.h">
      <Filter>02.GameObject\BackGroundObj\House</Filter>
    </ClInclude>
    <ClInclude Include="..\public\Stone.h">
      <Filter>02.GameObject\BackGroundObj\Totem</Filter>
    </ClInclude>
    <ClInclude Include="..\public\Town.h">
      <Filter>01.Levels\Town</Filter>
    </ClInclude>
    <ClInclude Include="..\public\Loading.h">
      <Filter>02.GameObject\Loading</Filter>
    </ClInclude>
    <ClInclude Include="..\public\Portal.h">
      <Filter>02.GameObject\Portal</Filter>
    </ClInclude>
    <ClInclude Include="..\public\PlayerInfo.h">
      <Filter>02.GameObject\Player\PlayerInfo</Filter>
    </ClInclude>
    <ClInclude Include="..\public\Wing.h">
      <Filter>02.GameObject\Wing</Filter>
    </ClInclude>
    <ClInclude Include="..\public\Default_NPC.h">
      <Filter>02.GameObject\NPC\00.Default</Filter>
    </ClInclude>
    <ClInclude Include="..\public\Village_Chief.h">
      <Filter>02.GameObject\NPC\01.Village_Chief</Filter>
    </ClInclude>
    <ClInclude Include="..\public\Engineer.h">
      <Filter>02.GameObject\NPC\04.Engineer</Filter>
    </ClInclude>
    <ClInclude Include="..\public\Village_Quest2.h">
      <Filter>02.GameObject\NPC\03.Village_Quest2</Filter>
    </ClInclude>
    <ClInclude Include="..\public\Village_Quest1.h">
      <Filter>02.GameObject\NPC\02.Village_Quest1</Filter>
    </ClInclude>
    <ClInclude Include="..\public\PoisonArrow.h">
      <Filter>03.Effect\Skill\04.PoisonArrow</Filter>
    </ClInclude>
    <ClInclude Include="..\public\Alligator.h">
      <Filter>02.GameObject\Monster\00.Alligator</Filter>
    </ClInclude>
    <ClInclude Include="..\Public\TerrainRect.h">
      <Filter>02.GameObject\Terrain\TerrainRect</Filter>
    </ClInclude>
    <ClInclude Include="..\Public\House2.h">
      <Filter>02.GameObject\BackGroundObj\RectHouse</Filter>
    </ClInclude>
    <ClInclude Include="..\Public\BackGroundTree.h">
      <Filter>02.GameObject\BackGroundObj\Tree</Filter>
    </ClInclude>
    <ClInclude Include="..\public\ElderWilow.h">
      <Filter>02.GameObject\Monster\01.ElderWilow</Filter>
    </ClInclude>
    <ClInclude Include="..\public\DefaultAttack.h">
      <Filter>03.Effect\Skill\05.DefaultAttack</Filter>
    </ClInclude>
    <ClInclude Include="..\public\Bigfoot.h">
      <Filter>02.GameObject\Monster\02.Bigfoot</Filter>
    </ClInclude>
    <ClInclude Include="..\public\Help.h">
      <Filter>03.Effect\Default\07.Help</Filter>
    </ClInclude>
    <ClInclude Include="..\public\Angry.h">
      <Filter>03.Effect\Default\08.Angry</Filter>
    </ClInclude>
    <ClInclude Include="..\public\Byorgue.h">
      <Filter>02.GameObject\Monster\03.Byorgue</Filter>
    </ClInclude>
    <ClInclude Include="..\public\Level_ChoboField.h">
      <Filter>01.Levels\ChoboField</Filter>
    </ClInclude>
    <ClInclude Include="..\public\Bloodymurderer.h">
      <Filter>02.GameObject\Monster\04.Bloodymurderer</Filter>
    </ClInclude>
    <ClInclude Include="..\public\Dandelion.h">
      <Filter>02.GameObject\Monster\05.Dandelion</Filter>
    </ClInclude>
    <ClInclude Include="..\public\Sword.h">
      <Filter>03.Effect\Skill\06.Sword</Filter>
    </ClInclude>
    <ClInclude Include="..\public\SwordSlice.h">
      <Filter>03.Effect\Skill\07.SwordSlice</Filter>
    </ClInclude>
    <ClInclude Include="..\public\DandelionAttack.h">
      <Filter>03.Effect\Skill\08.DandelionAttack</Filter>
    </ClInclude>
    <ClInclude Include="..\public\Maiden.h">
      <Filter>02.GameObject\Boss\Meiden</Filter>
    </ClInclude>
    <ClInclude Include="..\Public\Level_MidBoss.h">
      <Filter>01.Levels\MidBoss</Filter>
    </ClInclude>
    <ClInclude Include="..\public\Drain.h">
      <Filter>03.Effect\Default\09.Drain</Filter>
    </ClInclude>
    <ClInclude Include="..\public\PowerTotem.h">
      <Filter>02.GameObject\BackGroundObj\Totem\00.PowerTotem</Filter>
    </ClInclude>
    <ClInclude Include="..\public\BlueFire.h">
      <Filter>03.Effect\Skill\09.BlueFire</Filter>
    </ClInclude>
    <ClInclude Include="..\public\BossSkillTarget.h">
      <Filter>03.Effect\Default\10.BossSkillTarget</Filter>
    </ClInclude>
    <ClInclude Include="..\public\AuraBlue.h">
      <Filter>03.Effect\Default\11.AuraBlue</Filter>
    </ClInclude>
    <ClInclude Include="..\public\FireBall.h">
      <Filter>03.Effect\Skill\10.FireBall</Filter>
    </ClInclude>
    <ClInclude Include="..\Public\LetterBox.h">
      <Filter>04.UI\LetterBox</Filter>
    </ClInclude>
    <ClInclude Include="..\Public\Space.h">
      <Filter>04.UI\Space</Filter>
    </ClInclude>
    <ClInclude Include="..\Public\HuntQuest1.h">
      <Filter>02.GameObject\Quest\HuntQuest</Filter>
    </ClInclude>
    <ClInclude Include="..\Public\Transparent_Wall.h">
      <Filter>02.GameObject\Transparent_Wall</Filter>
    </ClInclude>
    <ClInclude Include="..\Public\MyButton.h">
      <Filter>04.UI\Button</Filter>
    </ClInclude>
    <ClInclude Include="..\Public\TextBox.h">
      <Filter>04.UI\TextBox</Filter>
    </ClInclude>
    <ClInclude Include="..\Public\Atros.h">
      <Filter>02.GameObject\Monster\06.Atros</Filter>
    </ClInclude>
    <ClInclude Include="..\Public\Baphomet.h">
      <Filter>02.GameObject\Monster\07.Baphomet</Filter>
    </ClInclude>
    <ClInclude Include="..\Public\Minorous.h">
      <Filter>02.GameObject\Monster\08.Minorous</Filter>
    </ClInclude>
    <ClInclude Include="..\Public\Skeleton.h">
      <Filter>02.GameObject\Monster\09.Skeleton</Filter>
    </ClInclude>
    <ClInclude Include="..\Public\Wraith.h">
      <Filter>02.GameObject\Monster\10.Wraith</Filter>
    </ClInclude>
    <ClInclude Include="..\Public\Zombie.h">
      <Filter>02.GameObject\Monster\11.Zombie</Filter>
    </ClInclude>
    <ClInclude Include="..\Public\Level_Desert1.h">
      <Filter>01.Levels\Desert</Filter>
    </ClInclude>
    <ClInclude Include="..\Public\Level_Town2.h">
      <Filter>01.Levels\Town2</Filter>
    </ClInclude>
    <ClInclude Include="..\Public\House3.h">
      <Filter>02.GameObject\BackGroundObj\House3</Filter>
    </ClInclude>
    <ClInclude Include="..\Public\House4.h">
      <Filter>02.GameObject\BackGroundObj\House4</Filter>
    </ClInclude>
    <ClInclude Include="..\Public\House5.h">
      <Filter>02.GameObject\BackGroundObj\House5</Filter>
    </ClInclude>
    <ClInclude Include="..\Public\House6.h">
      <Filter>02.GameObject\BackGroundObj\House6</Filter>
    </ClInclude>
    <ClInclude Include="..\Public\House7.h">
      <Filter>02.GameObject\BackGroundObj\House7</Filter>
    </ClInclude>
    <ClInclude Include="..\Public\ItemBox.h">
      <Filter>02.GameObject\BackGroundObj\ItemBox</Filter>
    </ClInclude>
    <ClInclude Include="..\Public\Status.h">
      <Filter>04.UI\01.Status</Filter>
    </ClInclude>
    <ClInclude Include="..\Public\HpPotion.h">
      <Filter>05.Item\00.HpPotion</Filter>
    </ClInclude>
    <ClInclude Include="..\Public\Inven.h">
      <Filter>04.UI\03.Inven</Filter>
    </ClInclude>
    <ClInclude Include="..\Public\QuickSlot.h">
      <Filter>04.UI\02.QuickSlot</Filter>
    </ClInclude>
    <ClInclude Include="..\Public\StatInfo.h">
      <Filter>04.UI\01.Status\StatInfo</Filter>
    </ClInclude>
    <ClInclude Include="..\Public\PlayerExp.h">
      <Filter>04.UI\00.PlayerUI\02.ExpUI</Filter>
    </ClInclude>
    <ClInclude Include="..\Public\PlayerMp.h">
      <Filter>04.UI\00.PlayerUI\01.MpUI</Filter>
    </ClInclude>
    <ClInclude Include="..\Public\PlayerHp.h">
      <Filter>04.UI\00.PlayerUI\00.HpUI</Filter>
    </ClInclude>
    <ClInclude Include="..\Public\UI.h">
      <Filter>04.UI</Filter>
    </ClInclude>
    <ClInclude Include="..\Public\ClientQuest.h">
      <Filter>02.GameObject\Quest</Filter>
    </ClInclude>
    <ClInclude Include="..\Public\QuestManager.h">
      <Filter>02.GameObject\Quest\Manager</Filter>
    </ClInclude>
    <ClInclude Include="..\public\SkillSlot.h">
      <Filter>04.UI\04. SkillSlot</Filter>
    </ClInclude>
    <ClInclude Include="..\public\Equip.h">
      <Filter>04.UI\05. Equip</Filter>
    </ClInclude>
    <ClInclude Include="..\Public\QuestUI.h">
      <Filter>04.UI\QuestUI</Filter>
    </ClInclude>
    <ClInclude Include="..\public\SlotGacha.h">
      <Filter>02.GameObject\NPC\05.SlotGacha</Filter>
    </ClInclude>
    <ClInclude Include="..\public\Gacha.h">
      <Filter>04.UI\Gacha</Filter>
    </ClInclude>
    <ClInclude Include="..\Public\CollectQuest.h">
      <Filter>02.GameObject\Quest\CollectQuest</Filter>
    </ClInclude>
    <ClInclude Include="..\Public\Level_Maze.h">
      <Filter>01.Levels\Maze</Filter>
    </ClInclude>
    <ClInclude Include="..\Public\CriHit.h">
      <Filter>03.Effect\Default\12.CriHit</Filter>
    </ClInclude>
    <ClInclude Include="..\Public\CriHitUI.h">
      <Filter>03.Effect\Default\13.CriHit2</Filter>
    </ClInclude>
    <ClInclude Include="..\Public\AlphaUI.h">
      <Filter>04.UI\00.PlayerUI\03. AlphaUI</Filter>
    </ClInclude>
    <ClInclude Include="..\Public\Shop.h">
      <Filter>04.UI\06.Shop</Filter>
    </ClInclude>
    <ClInclude Include="..\Public\ShopNPC.h">
      <Filter>02.GameObject\NPC\06.ShopNPC</Filter>
    </ClInclude>
    <ClInclude Include="..\public\SkyField.h">
      <Filter>01.Levels\SkyField</Filter>
    </ClInclude>
    <ClInclude Include="..\public\Cloud.h">
      <Filter>02.GameObject\BackGroundObj\Cloud</Filter>
    </ClInclude>
    <ClInclude Include="..\public\Wyvern.h">
      <Filter>02.GameObject\Monster\12.Wyvern</Filter>
    </ClInclude>
    <ClInclude Include="..\public\SkyDragon.h">
      <Filter>02.GameObject\Monster\13.SkyDragon</Filter>
    </ClInclude>
    <ClInclude Include="..\public\ShadowBall.h">
      <Filter>03.Effect\Skill\14.Shadowball</Filter>
    </ClInclude>
    <ClInclude Include="..\public\SkyFireBall.h">
      <Filter>03.Effect\Skill\11.SkyFireBall</Filter>
    </ClInclude>
    <ClInclude Include="..\public\SkyThunder.h">
      <Filter>03.Effect\Skill\12.SkyThunder</Filter>
    </ClInclude>
    <ClInclude Include="..\public\ThunderTarget.h">
      <Filter>03.Effect\Default\14.ThunderTarget</Filter>
    </ClInclude>
    <ClInclude Include="..\public\Target.h">
      <Filter>03.Effect\Default\15.Target</Filter>
    </ClInclude>
    <ClInclude Include="..\public\SkyMeteor.h">
      <Filter>03.Effect\Skill\13.SkyMeteor</Filter>
    </ClInclude>
    <ClInclude Include="..\public\SkyDragonSkill.h">
      <Filter>03.Effect\Skill\15.SkyDragonSkill</Filter>
    </ClInclude>
    <ClInclude Include="..\public\SkyTarget.h">
      <Filter>03.Effect\Default\16.SkyTarget</Filter>
    </ClInclude>
    <ClInclude Include="..\public\SkyNPC.h">
      <Filter>02.GameObject\NPC\07.SkyNPC</Filter>
    </ClInclude>
    <ClInclude Include="..\public\AirShip.h">
      <Filter>02.GameObject\NPC\08.AirShip</Filter>
    </ClInclude>
    <ClInclude Include="..\public\Loader.h">
      <Filter>01.Levels\Loading\Loader</Filter>
    </ClInclude>
    <ClInclude Include="..\public\SkyLoading.h">
      <Filter>02.GameObject\Loading\SkyLoading</Filter>
    </ClInclude>
    <ClInclude Include="..\public\LogoUI.h">
      <Filter>02.GameObject\Loading\LogoUI</Filter>
    </ClInclude>
    <ClInclude Include="..\Public\Town_Quest1.h">
      <Filter>02.GameObject\NPC\09.Town_Quest1</Filter>
    </ClInclude>
    <ClInclude Include="..\Public\Town_Quest2.h">
      <Filter>02.GameObject\NPC\10.Town_Quest2</Filter>
    </ClInclude>
    <ClInclude Include="..\Public\Town_Quest3.h">
      <Filter>02.GameObject\NPC\11.Town_Quest3</Filter>
    </ClInclude>
  </ItemGroup>
  <ItemGroup>
    <ClCompile Include="..\Private\MainApp.cpp">
      <Filter>00.MainApp</Filter>
    </ClCompile>
    <ClCompile Include="Client.cpp">
      <Filter>98.Default</Filter>
    </ClCompile>
    <ClCompile Include="stdafx.cpp">
      <Filter>98.Default</Filter>
    </ClCompile>
    <ClCompile Include="..\private\Level_Logo.cpp">
      <Filter>01.Levels\Logo</Filter>
    </ClCompile>
    <ClCompile Include="..\Private\Level_GamePlay.cpp">
      <Filter>01.Levels\GamePlay</Filter>
    </ClCompile>
    <ClCompile Include="..\Private\Level_Loading.cpp">
      <Filter>01.Levels\Loading</Filter>
    </ClCompile>
    <ClCompile Include="..\private\Loader.cpp">
      <Filter>01.Levels\Loading\Loader</Filter>
    </ClCompile>
    <ClCompile Include="..\private\BackGround.cpp">
      <Filter>02.GameObject\BackGround</Filter>
    </ClCompile>
    <ClCompile Include="..\Private\Terrain.cpp">
      <Filter>02.GameObject\Terrain</Filter>
    </ClCompile>
    <ClCompile Include="..\Private\Camera_Dynamic.cpp">
      <Filter>02.GameObject\Camera</Filter>
    </ClCompile>
    <ClCompile Include="..\Private\Sky.cpp">
      <Filter>02.GameObject\Sky</Filter>
    </ClCompile>
    <ClCompile Include="..\private\SoundMgr.cpp">
      <Filter>97.Utility\SoundMgr</Filter>
    </ClCompile>
    <ClCompile Include="..\Private\Monster.cpp">
      <Filter>02.GameObject\Monster</Filter>
    </ClCompile>
    <ClCompile Include="..\Private\Player.cpp">
      <Filter>02.GameObject\Player</Filter>
    </ClCompile>
    <ClCompile Include="..\private\ThunderCloud.cpp">
      <Filter>03.Effect\Skill\00.Thunder\ThunderCloud</Filter>
    </ClCompile>
    <ClCompile Include="..\Private\ThunderSword.cpp">
      <Filter>03.Effect\Skill\00.Thunder\ThunderSword</Filter>
    </ClCompile>
    <ClCompile Include="..\Private\Tornado.cpp">
      <Filter>03.Effect\Skill\01.Tornado</Filter>
    </ClCompile>
    <ClCompile Include="..\private\Hit.cpp">
      <Filter>03.Effect\Default\00.Hit</Filter>
    </ClCompile>
    <ClCompile Include="..\private\UseSkill.cpp">
      <Filter>03.Effect\Default\01.UseSkill</Filter>
    </ClCompile>
    <ClCompile Include="..\private\LevelUp.cpp">
      <Filter>03.Effect\Default\02.LevelUp</Filter>
    </ClCompile>
    <ClCompile Include="..\private\DmgFont.cpp">
      <Filter>03.Effect\Default\03.DmgFont</Filter>
    </ClCompile>
    <ClCompile Include="..\private\FireSpear.cpp">
      <Filter>03.Effect\Skill\02.FireSpear</Filter>
    </ClCompile>
    <ClCompile Include="..\private\Fire.cpp">
      <Filter>03.Effect\Skill\02.FireSpear\Fire</Filter>
    </ClCompile>
    <ClCompile Include="..\private\Meteor.cpp">
      <Filter>03.Effect\Skill\03.Meteor</Filter>
    </ClCompile>
    <ClCompile Include="..\private\MeteorEff.cpp">
      <Filter>03.Effect\Skill\03.Meteor\MeteorEff</Filter>
    </ClCompile>
    <ClCompile Include="..\private\Rain.cpp">
      <Filter>03.Effect\Default\04.Rain</Filter>
    </ClCompile>
    <ClCompile Include="..\Private\Wind.cpp">
      <Filter>03.Effect\Default\05.Wind</Filter>
    </ClCompile>
    <ClCompile Include="..\private\WorldHpBar.cpp">
      <Filter>04.UI\WorldHpBar</Filter>
    </ClCompile>
    <ClCompile Include="..\private\Shadow.cpp">
      <Filter>03.Effect\Default\06.Shadow</Filter>
    </ClCompile>
    <ClCompile Include="..\Private\BackGroundRect.cpp">
      <Filter>02.GameObject\BackGroundObj</Filter>
    </ClCompile>
    <ClCompile Include="..\private\Poring.cpp">
      <Filter>02.GameObject\Pet\00.Poring</Filter>
    </ClCompile>
    <ClCompile Include="..\private\House.cpp">
      <Filter>02.GameObject\BackGroundObj\House</Filter>
    </ClCompile>
    <ClCompile Include="..\private\Stone.cpp">
      <Filter>02.GameObject\BackGroundObj\Totem</Filter>
    </ClCompile>
    <ClCompile Include="..\private\Town.cpp">
      <Filter>01.Levels\Town</Filter>
    </ClCompile>
    <ClCompile Include="..\private\Loading.cpp">
      <Filter>02.GameObject\Loading</Filter>
    </ClCompile>
    <ClCompile Include="..\private\Portal.cpp">
      <Filter>02.GameObject\Portal</Filter>
    </ClCompile>
    <ClCompile Include="..\private\PlayerInfo.cpp">
      <Filter>02.GameObject\Player\PlayerInfo</Filter>
    </ClCompile>
    <ClCompile Include="..\private\Wing.cpp">
      <Filter>02.GameObject\Wing</Filter>
    </ClCompile>
    <ClCompile Include="..\private\Default_NPC.cpp">
      <Filter>02.GameObject\NPC\00.Default</Filter>
    </ClCompile>
    <ClCompile Include="..\private\Village_Chief.cpp">
      <Filter>02.GameObject\NPC\01.Village_Chief</Filter>
    </ClCompile>
    <ClCompile Include="..\private\Engineer.cpp">
      <Filter>02.GameObject\NPC\04.Engineer</Filter>
    </ClCompile>
    <ClCompile Include="..\private\Village_Quest2.cpp">
      <Filter>02.GameObject\NPC\03.Village_Quest2</Filter>
    </ClCompile>
    <ClCompile Include="..\private\Village_Quest1.cpp">
      <Filter>02.GameObject\NPC\02.Village_Quest1</Filter>
    </ClCompile>
    <ClCompile Include="..\private\PoisonArrow.cpp">
      <Filter>03.Effect\Skill\04.PoisonArrow</Filter>
    </ClCompile>
    <ClCompile Include="..\private\Alligator.cpp">
      <Filter>02.GameObject\Monster\00.Alligator</Filter>
    </ClCompile>
    <ClCompile Include="..\Private\TerrainRect.cpp">
      <Filter>02.GameObject\Terrain\TerrainRect</Filter>
    </ClCompile>
    <ClCompile Include="..\Private\House2.cpp">
      <Filter>02.GameObject\BackGroundObj\RectHouse</Filter>
    </ClCompile>
    <ClCompile Include="..\Private\BackGroundTree.cpp">
      <Filter>02.GameObject\BackGroundObj\Tree</Filter>
    </ClCompile>
    <ClCompile Include="..\private\ElderWilow.cpp">
      <Filter>02.GameObject\Monster\01.ElderWilow</Filter>
    </ClCompile>
    <ClCompile Include="..\private\DefaultAttack.cpp">
      <Filter>03.Effect\Skill\05.DefaultAttack</Filter>
    </ClCompile>
    <ClCompile Include="..\private\Bigfoot.cpp">
      <Filter>02.GameObject\Monster\02.Bigfoot</Filter>
    </ClCompile>
    <ClCompile Include="..\Private\Help.cpp">
      <Filter>03.Effect\Default\07.Help</Filter>
    </ClCompile>
    <ClCompile Include="..\private\Angry.cpp">
      <Filter>03.Effect\Default\08.Angry</Filter>
    </ClCompile>
    <ClCompile Include="..\private\Byorgue.cpp">
      <Filter>02.GameObject\Monster\03.Byorgue</Filter>
    </ClCompile>
    <ClCompile Include="..\private\Level_ChoboField.cpp">
      <Filter>01.Levels\ChoboField</Filter>
    </ClCompile>
    <ClCompile Include="..\private\Bloodymurderer.cpp">
      <Filter>02.GameObject\Monster\04.Bloodymurderer</Filter>
    </ClCompile>
    <ClCompile Include="..\private\Dandelion.cpp">
      <Filter>02.GameObject\Monster\05.Dandelion</Filter>
    </ClCompile>
    <ClCompile Include="..\private\Sword.cpp">
      <Filter>03.Effect\Skill\06.Sword</Filter>
    </ClCompile>
    <ClCompile Include="..\private\SwordSlice.cpp">
      <Filter>03.Effect\Skill\07.SwordSlice</Filter>
    </ClCompile>
    <ClCompile Include="..\private\DandelionAttack.cpp">
      <Filter>03.Effect\Skill\08.DandelionAttack</Filter>
    </ClCompile>
    <ClCompile Include="..\Private\FireDragon.cpp">
      <Filter>02.GameObject\Boss\FireDragon</Filter>
    </ClCompile>
    <ClCompile Include="..\private\Maiden.cpp">
      <Filter>02.GameObject\Boss\Meiden</Filter>
    </ClCompile>
    <ClCompile Include="..\Private\Level_MidBoss.cpp">
      <Filter>01.Levels\MidBoss</Filter>
    </ClCompile>
    <ClCompile Include="..\private\Drain.cpp">
      <Filter>03.Effect\Default\09.Drain</Filter>
    </ClCompile>
    <ClCompile Include="..\private\PowerTotem.cpp">
      <Filter>02.GameObject\BackGroundObj\Totem\00.PowerTotem</Filter>
    </ClCompile>
    <ClCompile Include="..\private\BlueFire.cpp">
      <Filter>03.Effect\Skill\09.BlueFire</Filter>
    </ClCompile>
    <ClCompile Include="..\private\BossSkillTarget.cpp">
      <Filter>03.Effect\Default\10.BossSkillTarget</Filter>
    </ClCompile>
    <ClCompile Include="..\private\AuraBlue.cpp">
      <Filter>03.Effect\Default\11.AuraBlue</Filter>
    </ClCompile>
    <ClCompile Include="..\private\FireBall.cpp">
      <Filter>03.Effect\Skill\10.FireBall</Filter>
    </ClCompile>
    <ClCompile Include="..\Private\LetterBox.cpp">
      <Filter>04.UI\LetterBox</Filter>
    </ClCompile>
    <ClCompile Include="..\Private\Space.cpp">
      <Filter>04.UI\Space</Filter>
    </ClCompile>
    <ClCompile Include="..\Private\HuntQuest1.cpp">
      <Filter>02.GameObject\Quest\HuntQuest</Filter>
    </ClCompile>
    <ClCompile Include="..\Private\Transparent_Wall.cpp">
      <Filter>02.GameObject\Transparent_Wall</Filter>
    </ClCompile>
    <ClCompile Include="..\Private\TextBox.cpp">
      <Filter>04.UI\TextBox</Filter>
    </ClCompile>
    <ClCompile Include="..\Private\MyButton.cpp">
      <Filter>04.UI\Button</Filter>
    </ClCompile>
    <ClCompile Include="..\Private\Atros.cpp">
      <Filter>02.GameObject\Monster\06.Atros</Filter>
    </ClCompile>
    <ClCompile Include="..\Private\Baphomet.cpp">
      <Filter>02.GameObject\Monster\07.Baphomet</Filter>
    </ClCompile>
    <ClCompile Include="..\Private\Minorous.cpp">
      <Filter>02.GameObject\Monster\08.Minorous</Filter>
    </ClCompile>
    <ClCompile Include="..\Private\Skeleton.cpp">
      <Filter>02.GameObject\Monster\09.Skeleton</Filter>
    </ClCompile>
    <ClCompile Include="..\Private\Wraith.cpp">
      <Filter>02.GameObject\Monster\10.Wraith</Filter>
    </ClCompile>
    <ClCompile Include="..\Private\Zombie.cpp">
      <Filter>02.GameObject\Monster\11.Zombie</Filter>
    </ClCompile>
    <ClCompile Include="..\Private\Level_Desert1.cpp">
      <Filter>01.Levels\Desert</Filter>
    </ClCompile>
    <ClCompile Include="..\Private\Level_Town2.cpp">
      <Filter>01.Levels\Town2</Filter>
    </ClCompile>
    <ClCompile Include="..\Private\House3.cpp">
      <Filter>02.GameObject\BackGroundObj\House3</Filter>
    </ClCompile>
    <ClCompile Include="..\Private\House4.cpp">
      <Filter>02.GameObject\BackGroundObj\House4</Filter>
    </ClCompile>
    <ClCompile Include="..\Private\House5.cpp">
      <Filter>02.GameObject\BackGroundObj\House5</Filter>
    </ClCompile>
    <ClCompile Include="..\Private\House6.cpp">
      <Filter>02.GameObject\BackGroundObj\House6</Filter>
    </ClCompile>
    <ClCompile Include="..\Private\House7.cpp">
      <Filter>02.GameObject\BackGroundObj\House7</Filter>
    </ClCompile>
    <ClCompile Include="..\Private\ItemBox.cpp">
      <Filter>02.GameObject\BackGroundObj\ItemBox</Filter>
    </ClCompile>
    <ClCompile Include="..\Private\HpPotion.cpp">
      <Filter>05.Item\00.HpPotion</Filter>
    </ClCompile>
    <ClCompile Include="..\Private\QuickSlot.cpp">
      <Filter>04.UI\02.QuickSlot</Filter>
    </ClCompile>
    <ClCompile Include="..\Private\Inven.cpp">
      <Filter>04.UI\03.Inven</Filter>
    </ClCompile>
    <ClCompile Include="..\Private\Status.cpp">
      <Filter>04.UI\01.Status</Filter>
    </ClCompile>
    <ClCompile Include="..\Private\StatInfo.cpp">
      <Filter>04.UI\01.Status\StatInfo</Filter>
    </ClCompile>
    <ClCompile Include="..\Private\PlayerMp.cpp">
      <Filter>04.UI\00.PlayerUI\01.MpUI</Filter>
    </ClCompile>
    <ClCompile Include="..\Private\PlayerHp.cpp">
      <Filter>04.UI\00.PlayerUI\00.HpUI</Filter>
    </ClCompile>
    <ClCompile Include="..\Private\PlayerExp.cpp">
      <Filter>04.UI\00.PlayerUI\02.ExpUI</Filter>
    </ClCompile>
    <ClCompile Include="..\Private\UI.cpp">
      <Filter>04.UI</Filter>
    </ClCompile>
    <ClCompile Include="..\Private\ClientQuest.cpp">
      <Filter>02.GameObject\Quest</Filter>
    </ClCompile>
    <ClCompile Include="..\Private\QuestManager.cpp">
      <Filter>02.GameObject\Quest\Manager</Filter>
    </ClCompile>
    <ClCompile Include="..\private\SkillSlot.cpp">
      <Filter>04.UI\04. SkillSlot</Filter>
    </ClCompile>
    <ClCompile Include="..\private\Equip.cpp">
      <Filter>04.UI\05. Equip</Filter>
    </ClCompile>
    <ClCompile Include="..\Private\QuestUI.cpp">
      <Filter>04.UI\QuestUI</Filter>
    </ClCompile>
    <ClCompile Include="..\private\SlotGacha.cpp">
      <Filter>02.GameObject\NPC\05.SlotGacha</Filter>
    </ClCompile>
    <ClCompile Include="..\private\Gacha.cpp">
      <Filter>04.UI\Gacha</Filter>
    </ClCompile>
    <ClCompile Include="..\Private\CollectQuest.cpp">
      <Filter>02.GameObject\Quest\CollectQuest</Filter>
    </ClCompile>
    <ClCompile Include="..\Private\Level_Maze.cpp">
      <Filter>01.Levels\Maze</Filter>
    </ClCompile>
    <ClCompile Include="..\Private\CriHit.cpp">
      <Filter>03.Effect\Default\12.CriHit</Filter>
    </ClCompile>
    <ClCompile Include="..\Private\CriHitUI.cpp">
      <Filter>03.Effect\Default\13.CriHit2</Filter>
    </ClCompile>
    <ClCompile Include="..\Private\AlphaUI.cpp">
      <Filter>04.UI\00.PlayerUI\03. AlphaUI</Filter>
    </ClCompile>
    <ClCompile Include="..\Private\Shop.cpp">
      <Filter>04.UI\06.Shop</Filter>
    </ClCompile>
    <ClCompile Include="..\Private\ShopNPC.cpp">
      <Filter>02.GameObject\NPC\06.ShopNPC</Filter>
    </ClCompile>
    <ClCompile Include="..\private\SkyField.cpp">
      <Filter>01.Levels\SkyField</Filter>
    </ClCompile>
    <ClCompile Include="..\private\Cloud.cpp">
      <Filter>02.GameObject\BackGroundObj\Cloud</Filter>
    </ClCompile>
    <ClCompile Include="..\private\Wyvern.cpp">
      <Filter>02.GameObject\Monster\12.Wyvern</Filter>
    </ClCompile>
    <ClCompile Include="..\private\SkyDragon.cpp">
      <Filter>02.GameObject\Monster\13.SkyDragon</Filter>
    </ClCompile>
    <ClCompile Include="..\private\ShadowBall.cpp">
      <Filter>03.Effect\Skill\14.Shadowball</Filter>
    </ClCompile>
    <ClCompile Include="..\private\SkyFireBall.cpp">
      <Filter>03.Effect\Skill\11.SkyFireBall</Filter>
    </ClCompile>
    <ClCompile Include="..\private\SkyThunder.cpp">
      <Filter>03.Effect\Skill\12.SkyThunder</Filter>
    </ClCompile>
    <ClCompile Include="..\private\ThunderTarget.cpp">
      <Filter>03.Effect\Default\14.ThunderTarget</Filter>
    </ClCompile>
    <ClCompile Include="..\private\Target.cpp">
      <Filter>03.Effect\Default\15.Target</Filter>
    </ClCompile>
    <ClCompile Include="..\private\SkyMeteor.cpp">
      <Filter>03.Effect\Skill\13.SkyMeteor</Filter>
    </ClCompile>
    <ClCompile Include="..\private\SkyDragonSkill.cpp">
      <Filter>03.Effect\Skill\15.SkyDragonSkill</Filter>
    </ClCompile>
    <ClCompile Include="..\private\SkyTarget.cpp">
      <Filter>03.Effect\Default\16.SkyTarget</Filter>
    </ClCompile>
    <ClCompile Include="..\private\SkyNPC.cpp">
      <Filter>02.GameObject\NPC\07.SkyNPC</Filter>
    </ClCompile>
    <ClCompile Include="..\private\AirShip.cpp">
      <Filter>02.GameObject\NPC\08.AirShip</Filter>
    </ClCompile>
    <ClCompile Include="..\private\SkyLoading.cpp">
      <Filter>02.GameObject\Loading\SkyLoading</Filter>
    </ClCompile>
    <ClCompile Include="..\private\LogoUI.cpp">
      <Filter>02.GameObject\Loading\LogoUI</Filter>
    </ClCompile>
    <ClCompile Include="..\Private\Town_Quest1.cpp">
      <Filter>02.GameObject\NPC\09.Town_Quest1</Filter>
    </ClCompile>
    <ClCompile Include="..\Private\Town_Quest2.cpp">
      <Filter>02.GameObject\NPC\10.Town_Quest2</Filter>
    </ClCompile>
    <ClCompile Include="..\Private\Town_Quest3.cpp">
      <Filter>02.GameObject\NPC\11.Town_Quest3</Filter>
    </ClCompile>
  </ItemGroup>
  <ItemGroup>
    <Image Include="Client.ico">
      <Filter>98.Default</Filter>
    </Image>
    <Image Include="small.ico">
      <Filter>98.Default</Filter>
    </Image>
  </ItemGroup>
  <ItemGroup>
    <ResourceCompile Include="Client.rc">
      <Filter>98.Default</Filter>
    </ResourceCompile>
  </ItemGroup>
  <ItemGroup>
    <FxCompile Include="..\Bin\ShaderFiles\Shader_Rect.hlsl">
      <Filter>06. ShaderFiles</Filter>
    </FxCompile>
    <FxCompile Include="..\Bin\ShaderFiles\Shader_Cube.hlsl">
      <Filter>06. ShaderFiles</Filter>
    </FxCompile>
  </ItemGroup>
</Project>